
Microsoft Visual Studio Solution File, Format Version 12.00
# Visual Studio Version 16
VisualStudioVersion = 16.0.32413.511
MinimumVisualStudioVersion = 10.0.40219.1
Project("{8BC9CEB8-8B4A-11D0-8D11-00A0C91BC942}") = "Lab3", "Lab3.vcxproj", "{02EED759-9934-48E6-9C5B-D0F9D7FD831C}"
EndProject
Project("{8BC9CEB8-8B4A-11D0-8D11-00A0C91BC942}") = "Enclave1", "..\Enclave1\Enclave1.vcxproj", "{5F452145-E80E-440B-94FE-73C1C6D8BEBD}"
EndProject
Global
	GlobalSection(SolutionConfigurationPlatforms) = preSolution
		CVE-2020-0551-CF-Prerelease|x64 = CVE-2020-0551-CF-Prerelease|x64
		CVE-2020-0551-CF-Prerelease|x86 = CVE-2020-0551-CF-Prerelease|x86
		CVE-2020-0551-CF-Release|x64 = CVE-2020-0551-CF-Release|x64
		CVE-2020-0551-CF-Release|x86 = CVE-2020-0551-CF-Release|x86
		CVE-2020-0551-Load-Prerelease|x64 = CVE-2020-0551-Load-Prerelease|x64
		CVE-2020-0551-Load-Prerelease|x86 = CVE-2020-0551-Load-Prerelease|x86
		CVE-2020-0551-Load-Release|x64 = CVE-2020-0551-Load-Release|x64
		CVE-2020-0551-Load-Release|x86 = CVE-2020-0551-Load-Release|x86
		Debug|x64 = Debug|x64
		Debug|x86 = Debug|x86
		Prerelease|x64 = Prerelease|x64
		Prerelease|x86 = Prerelease|x86
		Release|x64 = Release|x64
		Release|x86 = Release|x86
		Simulation|x64 = Simulation|x64
		Simulation|x86 = Simulation|x86
	EndGlobalSection
	GlobalSection(ProjectConfigurationPlatforms) = postSolution
		{02EED759-9934-48E6-9C5B-D0F9D7FD831C}.CVE-2020-0551-CF-Prerelease|x64.ActiveCfg = Debug|x64
		{02EED759-9934-48E6-9C5B-D0F9D7FD831C}.CVE-2020-0551-CF-Prerelease|x64.Build.0 = Debug|x64
		{02EED759-9934-48E6-9C5B-D0F9D7FD831C}.CVE-2020-0551-CF-Prerelease|x86.ActiveCfg = Debug|Win32
		{02EED759-9934-48E6-9C5B-D0F9D7FD831C}.CVE-2020-0551-CF-Prerelease|x86.Build.0 = Debug|Win32
		{02EED759-9934-48E6-9C5B-D0F9D7FD831C}.CVE-2020-0551-CF-Release|x64.ActiveCfg = Release|x64
		{02EED759-9934-48E6-9C5B-D0F9D7FD831C}.CVE-2020-0551-CF-Release|x64.Build.0 = Release|x64
		{02EED759-9934-48E6-9C5B-D0F9D7FD831C}.CVE-2020-0551-CF-Release|x86.ActiveCfg = Release|Win32
		{02EED759-9934-48E6-9C5B-D0F9D7FD831C}.CVE-2020-0551-CF-Release|x86.Build.0 = Release|Win32
		{02EED759-9934-48E6-9C5B-D0F9D7FD831C}.CVE-2020-0551-Load-Prerelease|x64.ActiveCfg = Debug|x64
		{02EED759-9934-48E6-9C5B-D0F9D7FD831C}.CVE-2020-0551-Load-Prerelease|x64.Build.0 = Debug|x64
		{02EED759-9934-48E6-9C5B-D0F9D7FD831C}.CVE-2020-0551-Load-Prerelease|x86.ActiveCfg = Debug|Win32
		{02EED759-9934-48E6-9C5B-D0F9D7FD831C}.CVE-2020-0551-Load-Prerelease|x86.Build.0 = Debug|Win32
		{02EED759-9934-48E6-9C5B-D0F9D7FD831C}.CVE-2020-0551-Load-Release|x64.ActiveCfg = Release|x64
		{02EED759-9934-48E6-9C5B-D0F9D7FD831C}.CVE-2020-0551-Load-Release|x64.Build.0 = Release|x64
		{02EED759-9934-48E6-9C5B-D0F9D7FD831C}.CVE-2020-0551-Load-Release|x86.ActiveCfg = Release|Win32
		{02EED759-9934-48E6-9C5B-D0F9D7FD831C}.CVE-2020-0551-Load-Release|x86.Build.0 = Release|Win32
		{02EED759-9934-48E6-9C5B-D0F9D7FD831C}.Debug|x64.ActiveCfg = Debug|x64
		{02EED759-9934-48E6-9C5B-D0F9D7FD831C}.Debug|x64.Build.0 = Debug|x64
		{02EED759-9934-48E6-9C5B-D0F9D7FD831C}.Debug|x86.ActiveCfg = Debug|Win32
		{02EED759-9934-48E6-9C5B-D0F9D7FD831C}.Debug|x86.Build.0 = Debug|Win32
		{02EED759-9934-48E6-9C5B-D0F9D7FD831C}.Prerelease|x64.ActiveCfg = Prerelease|x64
		{02EED759-9934-48E6-9C5B-D0F9D7FD831C}.Prerelease|x64.Build.0 = Prerelease|x64
		{02EED759-9934-48E6-9C5B-D0F9D7FD831C}.Prerelease|x86.ActiveCfg = Prerelease|Win32
		{02EED759-9934-48E6-9C5B-D0F9D7FD831C}.Prerelease|x86.Build.0 = Prerelease|Win32
		{02EED759-9934-48E6-9C5B-D0F9D7FD831C}.Release|x64.ActiveCfg = Release|x64
		{02EED759-9934-48E6-9C5B-D0F9D7FD831C}.Release|x64.Build.0 = Release|x64
		{02EED759-9934-48E6-9C5B-D0F9D7FD831C}.Release|x86.ActiveCfg = Release|Win32
		{02EED759-9934-48E6-9C5B-D0F9D7FD831C}.Release|x86.Build.0 = Release|Win32
		{02EED759-9934-48E6-9C5B-D0F9D7FD831C}.Simulation|x64.ActiveCfg = Simulation|x64
		{02EED759-9934-48E6-9C5B-D0F9D7FD831C}.Simulation|x64.Build.0 = Simulation|x64
		{02EED759-9934-48E6-9C5B-D0F9D7FD831C}.Simulation|x86.ActiveCfg = Simulation|Win32
		{02EED759-9934-48E6-9C5B-D0F9D7FD831C}.Simulation|x86.Build.0 = Simulation|Win32
		{5F452145-E80E-440B-94FE-73C1C6D8BEBD}.CVE-2020-0551-CF-Prerelease|x64.ActiveCfg = Prerelease|x64
		{5F452145-E80E-440B-94FE-73C1C6D8BEBD}.CVE-2020-0551-CF-Prerelease|x86.ActiveCfg = Prerelease|Win32
		{5F452145-E80E-440B-94FE-73C1C6D8BEBD}.CVE-2020-0551-CF-Release|x64.ActiveCfg = Release|x64
		{5F452145-E80E-440B-94FE-73C1C6D8BEBD}.CVE-2020-0551-CF-Release|x86.ActiveCfg = Release|Win32
		{5F452145-E80E-440B-94FE-73C1C6D8BEBD}.CVE-2020-0551-Load-Prerelease|x64.ActiveCfg = Prerelease|x64
		{5F452145-E80E-440B-94FE-73C1C6D8BEBD}.CVE-2020-0551-Load-Prerelease|x86.ActiveCfg = Prerelease|Win32
		{5F452145-E80E-440B-94FE-73C1C6D8BEBD}.CVE-2020-0551-Load-Release|x64.ActiveCfg = Release|x64
		{5F452145-E80E-440B-94FE-73C1C6D8BEBD}.CVE-2020-0551-Load-Release|x86.ActiveCfg = Release|Win32
		{5F452145-E80E-440B-94FE-73C1C6D8BEBD}.Debug|x64.ActiveCfg = Debug|x64
		{5F452145-E80E-440B-94FE-73C1C6D8BEBD}.Debug|x64.Build.0 = Debug|x64
		{5F452145-E80E-440B-94FE-73C1C6D8BEBD}.Debug|x86.ActiveCfg = Debug|Win32
		{5F452145-E80E-440B-94FE-73C1C6D8BEBD}.Debug|x86.Build.0 = Debug|Win32
		{5F452145-E80E-440B-94FE-73C1C6D8BEBD}.Prerelease|x64.ActiveCfg = Prerelease|x64
		{5F452145-E80E-440B-94FE-73C1C6D8BEBD}.Prerelease|x64.Build.0 = Prerelease|x64
		{5F452145-E80E-440B-94FE-73C1C6D8BEBD}.Prerelease|x86.ActiveCfg = Prerelease|Win32
		{5F452145-E80E-440B-94FE-73C1C6D8BEBD}.Prerelease|x86.Build.0 = Prerelease|Win32
		{5F452145-E80E-440B-94FE-73C1C6D8BEBD}.Release|x64.ActiveCfg = Release|x64
		{5F452145-E80E-440B-94FE-73C1C6D8BEBD}.Release|x64.Build.0 = Release|x64
		{5F452145-E80E-440B-94FE-73C1C6D8BEBD}.Release|x86.ActiveCfg = Release|Win32
		{5F452145-E80E-440B-94FE-73C1C6D8BEBD}.Release|x86.Build.0 = Release|Win32
		{5F452145-E80E-440B-94FE-73C1C6D8BEBD}.Simulation|x64.ActiveCfg = Simulation|x64
		{5F452145-E80E-440B-94FE-73C1C6D8BEBD}.Simulation|x64.Build.0 = Simulation|x64
		{5F452145-E80E-440B-94FE-73C1C6D8BEBD}.Simulation|x86.ActiveCfg = Simulation|Win32
		{5F452145-E80E-440B-94FE-73C1C6D8BEBD}.Simulation|x86.Build.0 = Simulation|Win32
	EndGlobalSection
	GlobalSection(SolutionProperties) = preSolution
		HideSolutionNode = FALSE
	EndGlobalSection
	GlobalSection(ExtensibilityGlobals) = postSolution
		SolutionGuid = {B3F4E74E-1729-4C71-9A79-C7074BE49585}
	EndGlobalSection
EndGlobal
